
Microsoft Visual Studio Solution File, Format Version 12.00
# Visual Studio Version 16
VisualStudioVersion = 16.0.31112.23
MinimumVisualStudioVersion = 10.0.40219.1
Project("{E24C65DC-7377-472B-9ABA-BC803B73C61A}") = "TI-Budynki  inteligentne", ".", "{C975CF04-EC52-488D-B228-7E89DE138583}"
	ProjectSection(WebsiteProperties) = preProject
		TargetFrameworkMoniker = ".NETFramework,Version%3Dv4.0"
		Debug.AspNetCompiler.VirtualPath = "/localhost_62461"
		Debug.AspNetCompiler.PhysicalPath = "..\TI-Budynki  inteligentne\"
		Debug.AspNetCompiler.TargetPath = "PrecompiledWeb\localhost_62461\"
		Debug.AspNetCompiler.Updateable = "true"
		Debug.AspNetCompiler.ForceOverwrite = "true"
		Debug.AspNetCompiler.FixedNames = "false"
		Debug.AspNetCompiler.Debug = "True"
		Release.AspNetCompiler.VirtualPath = "/localhost_62461"
		Release.AspNetCompiler.PhysicalPath = "..\TI-Budynki  inteligentne\"
		Release.AspNetCompiler.TargetPath = "PrecompiledWeb\localhost_62461\"
		Release.AspNetCompiler.Updateable = "true"
		Release.AspNetCompiler.ForceOverwrite = "true"
		Release.AspNetCompiler.FixedNames = "false"
		Release.AspNetCompiler.Debug = "False"
		VWDPort = "62461"
		SlnRelativePath = "..\TI-Budynki  inteligentne\"
	EndProjectSection
EndProject
Global
	GlobalSection(SolutionConfigurationPlatforms) = preSolution
		Debug|Any CPU = Debug|Any CPU
	EndGlobalSection
	GlobalSection(ProjectConfigurationPlatforms) = postSolution
		{C975CF04-EC52-488D-B228-7E89DE138583}.Debug|Any CPU.ActiveCfg = Debug|Any CPU
		{C975CF04-EC52-488D-B228-7E89DE138583}.Debug|Any CPU.Build.0 = Debug|Any CPU
	EndGlobalSection
	GlobalSection(SolutionProperties) = preSolution
		HideSolutionNode = FALSE
	EndGlobalSection
	GlobalSection(ExtensibilityGlobals) = postSolution
		SolutionGuid = {6FF0A8FF-17E7-4A5E-9954-C8FCC402FF12}
	EndGlobalSection
EndGlobal
